
Microsoft Visual Studio Solution File, Format Version 12.00
# Visual Studio Version 16
VisualStudioVersion = 16.0.29409.12
MinimumVisualStudioVersion = 10.0.40219.1
Project("{FAE04EC0-301F-11D3-BF4B-00C04F79EFBC}") = "Tietokilpailu3", "Tietokilpailu3.csproj", "{6B1E6620-2F36-41EE-80EA-BC34EDAC99F5}"
EndProject
Global
	GlobalSection(SolutionConfigurationPlatforms) = preSolution
		Debug|Any CPU = Debug|Any CPU
		Release|Any CPU = Release|Any CPU
	EndGlobalSection
	GlobalSection(ProjectConfigurationPlatforms) = postSolution
		{6B1E6620-2F36-41EE-80EA-BC34EDAC99F5}.Debug|Any CPU.ActiveCfg = Debug|Any CPU
		{6B1E6620-2F36-41EE-80EA-BC34EDAC99F5}.Debug|Any CPU.Build.0 = Debug|Any CPU
		{6B1E6620-2F36-41EE-80EA-BC34EDAC99F5}.Release|Any CPU.ActiveCfg = Release|Any CPU
		{6B1E6620-2F36-41EE-80EA-BC34EDAC99F5}.Release|Any CPU.Build.0 = Release|Any CPU
	EndGlobalSection
	GlobalSection(SolutionProperties) = preSolution
		HideSolutionNode = FALSE
	EndGlobalSection
	GlobalSection(ExtensibilityGlobals) = postSolution
		SolutionGuid = {33AABB66-CB49-480F-BDA8-912E9D3CDF0C}
	EndGlobalSection
EndGlobal
